// !$*UTF8*$!
{
	archiveVersion = 1;
	classes = {
	};
	objectVersion = 56;
	objects = {

/* Begin PBXBuildFile section */
		6439603C2BA7D285004C46CF /* AppDelegate.swift in Sources */ = {isa = PBXBuildFile; fileRef = 6439603B2BA7D285004C46CF /* AppDelegate.swift */; };
		6439603E2BA7D285004C46CF /* SceneDelegate.swift in Sources */ = {isa = PBXBuildFile; fileRef = 6439603D2BA7D285004C46CF /* SceneDelegate.swift */; };
		643960402BA7D285004C46CF /* ViewController.swift in Sources */ = {isa = PBXBuildFile; fileRef = 6439603F2BA7D285004C46CF /* ViewController.swift */; };
		643960432BA7D285004C46CF /* Main.storyboard in Resources */ = {isa = PBXBuildFile; fileRef = 643960412BA7D285004C46CF /* Main.storyboard */; };
		643960452BA7D287004C46CF /* Assets.xcassets in Resources */ = {isa = PBXBuildFile; fileRef = 643960442BA7D287004C46CF /* Assets.xcassets */; };
		643960482BA7D287004C46CF /* LaunchScreen.storyboard in Resources */ = {isa = PBXBuildFile; fileRef = 643960462BA7D287004C46CF /* LaunchScreen.storyboard */; };
		643960532BA7D287004C46CF /* GPSTests.swift in Sources */ = {isa = PBXBuildFile; fileRef = 643960522BA7D287004C46CF /* GPSTests.swift */; };
		6439605D2BA7D287004C46CF /* GPSUITests.swift in Sources */ = {isa = PBXBuildFile; fileRef = 6439605C2BA7D287004C46CF /* GPSUITests.swift */; };
		6439605F2BA7D287004C46CF /* GPSUITestsLaunchTests.swift in Sources */ = {isa = PBXBuildFile; fileRef = 6439605E2BA7D287004C46CF /* GPSUITestsLaunchTests.swift */; };
/* End PBXBuildFile section */

/* Begin PBXContainerItemProxy section */
		6439604F2BA7D287004C46CF /* PBXContainerItemProxy */ = {
			isa = PBXContainerItemProxy;
			containerPortal = 643960302BA7D285004C46CF /* Project object */;
			proxyType = 1;
			remoteGlobalIDString = 643960372BA7D285004C46CF;
			remoteInfo = GPS;
		};
		643960592BA7D287004C46CF /* PBXContainerItemProxy */ = {
			isa = PBXContainerItemProxy;
			containerPortal = 643960302BA7D285004C46CF /* Project object */;
			proxyType = 1;
			remoteGlobalIDString = 643960372BA7D285004C46CF;
			remoteInfo = GPS;
		};
/* End PBXContainerItemProxy section */

/* Begin PBXFileReference section */
		643960382BA7D285004C46CF /* GPS.app */ = {isa = PBXFileReference; explicitFileType = wrapper.application; includeInIndex = 0; path = GPS.app; sourceTree = BUILT_PRODUCTS_DIR; };
		6439603B2BA7D285004C46CF /* AppDelegate.swift */ = {isa = PBXFileReference; lastKnownFileType = sourcecode.swift; path = AppDelegate.swift; sourceTree = "<group>"; };
		6439603D2BA7D285004C46CF /* SceneDelegate.swift */ = {isa = PBXFileReference; lastKnownFileType = sourcecode.swift; path = SceneDelegate.swift; sourceTree = "<group>"; };
		6439603F2BA7D285004C46CF /* ViewController.swift */ = {isa = PBXFileReference; lastKnownFileType = sourcecode.swift; path = ViewController.swift; sourceTree = "<group>"; };
		643960422BA7D285004C46CF /* Base */ = {isa = PBXFileReference; lastKnownFileType = file.storyboard; name = Base; path = Base.lproj/Main.storyboard; sourceTree = "<group>"; };
		643960442BA7D287004C46CF /* Assets.xcassets */ = {isa = PBXFileReference; lastKnownFileType = folder.assetcatalog; path = Assets.xcassets; sourceTree = "<group>"; };
		643960472BA7D287004C46CF /* Base */ = {isa = PBXFileReference; lastKnownFileType = file.storyboard; name = Base; path = Base.lproj/LaunchScreen.storyboard; sourceTree = "<group>"; };
		643960492BA7D287004C46CF /* Info.plist */ = {isa = PBXFileReference; lastKnownFileType = text.plist.xml; path = Info.plist; sourceTree = "<group>"; };
		6439604E2BA7D287004C46CF /* GPSTests.xctest */ = {isa = PBXFileReference; explicitFileType = wrapper.cfbundle; includeInIndex = 0; path = GPSTests.xctest; sourceTree = BUILT_PRODUCTS_DIR; };
		643960522BA7D287004C46CF /* GPSTests.swift */ = {isa = PBXFileReference; lastKnownFileType = sourcecode.swift; path = GPSTests.swift; sourceTree = "<group>"; };
		643960582BA7D287004C46CF /* GPSUITests.xctest */ = {isa = PBXFileReference; explicitFileType = wrapper.cfbundle; includeInIndex = 0; path = GPSUITests.xctest; sourceTree = BUILT_PRODUCTS_DIR; };
		6439605C2BA7D287004C46CF /* GPSUITests.swift */ = {isa = PBXFileReference; lastKnownFileType = sourcecode.swift; path = GPSUITests.swift; sourceTree = "<group>"; };
		6439605E2BA7D287004C46CF /* GPSUITestsLaunchTests.swift */ = {isa = PBXFileReference; lastKnownFileType = sourcecode.swift; path = GPSUITestsLaunchTests.swift; sourceTree = "<group>"; };
/* End PBXFileReference section */

/* Begin PBXFrameworksBuildPhase section */
		643960352BA7D285004C46CF /* Frameworks */ = {
			isa = PBXFrameworksBuildPhase;
			buildActionMask = 2147483647;
			files = (
			);
			runOnlyForDeploymentPostprocessing = 0;
		};
		6439604B2BA7D287004C46CF /* Frameworks */ = {
			isa = PBXFrameworksBuildPhase;
			buildActionMask = 2147483647;
			files = (
			);
			runOnlyForDeploymentPostprocessing = 0;
		};
		643960552BA7D287004C46CF /* Frameworks */ = {
			isa = PBXFrameworksBuildPhase;
			buildActionMask = 2147483647;
			files = (
			);
			runOnlyForDeploymentPostprocessing = 0;
		};
/* End PBXFrameworksBuildPhase section */

/* Begin PBXGroup section */
		6439602F2BA7D285004C46CF = {
			isa = PBXGroup;
			children = (
				6439603A2BA7D285004C46CF /* GPS */,
				643960512BA7D287004C46CF /* GPSTests */,
				6439605B2BA7D287004C46CF /* GPSUITests */,
				643960392BA7D285004C46CF /* Products */,
			);
			sourceTree = "<group>";
		};
		643960392BA7D285004C46CF /* Products */ = {
			isa = PBXGroup;
			children = (
				643960382BA7D285004C46CF /* GPS.app */,
				6439604E2BA7D287004C46CF /* GPSTests.xctest */,
				643960582BA7D287004C46CF /* GPSUITests.xctest */,
			);
			name = Products;
			sourceTree = "<group>";
		};
		6439603A2BA7D285004C46CF /* GPS */ = {
			isa = PBXGroup;
			children = (
				6439603B2BA7D285004C46CF /* AppDelegate.swift */,
				6439603D2BA7D285004C46CF /* SceneDelegate.swift */,
				6439603F2BA7D285004C46CF /* ViewController.swift */,
				643960412BA7D285004C46CF /* Main.storyboard */,
				643960442BA7D287004C46CF /* Assets.xcassets */,
				643960462BA7D287004C46CF /* LaunchScreen.storyboard */,
				643960492BA7D287004C46CF /* Info.plist */,
			);
			path = GPS;
			sourceTree = "<group>";
		};
		643960512BA7D287004C46CF /* GPSTests */ = {
			isa = PBXGroup;
			children = (
				643960522BA7D287004C46CF /* GPSTests.swift */,
			);
			path = GPSTests;
			sourceTree = "<group>";
		};
		6439605B2BA7D287004C46CF /* GPSUITests */ = {
			isa = PBXGroup;
			children = (
				6439605C2BA7D287004C46CF /* GPSUITests.swift */,
				6439605E2BA7D287004C46CF /* GPSUITestsLaunchTests.swift */,
			);
			path = GPSUITests;
			sourceTree = "<group>";
		};
/* End PBXGroup section */

/* Begin PBXNativeTarget section */
		643960372BA7D285004C46CF /* GPS */ = {
			isa = PBXNativeTarget;
			buildConfigurationList = 643960622BA7D287004C46CF /* Build configuration list for PBXNativeTarget "GPS" */;
			buildPhases = (
				643960342BA7D285004C46CF /* Sources */,
				643960352BA7D285004C46CF /* Frameworks */,
				643960362BA7D285004C46CF /* Resources */,
			);
			buildRules = (
			);
			dependencies = (
			);
			name = GPS;
			productName = GPS;
			productReference = 643960382BA7D285004C46CF /* GPS.app */;
			productType = "com.apple.product-type.application";
		};
		6439604D2BA7D287004C46CF /* GPSTests */ = {
			isa = PBXNativeTarget;
			buildConfigurationList = 643960652BA7D287004C46CF /* Build configuration list for PBXNativeTarget "GPSTests" */;
			buildPhases = (
				6439604A2BA7D287004C46CF /* Sources */,
				6439604B2BA7D287004C46CF /* Frameworks */,
				6439604C2BA7D287004C46CF /* Resources */,
			);
			buildRules = (
			);
			dependencies = (
				643960502BA7D287004C46CF /* PBXTargetDependency */,
			);
			name = GPSTests;
			productName = GPSTests;
			productReference = 6439604E2BA7D287004C46CF /* GPSTests.xctest */;
			productType = "com.apple.product-type.bundle.unit-test";
		};
		643960572BA7D287004C46CF /* GPSUITests */ = {
			isa = PBXNativeTarget;
			buildConfigurationList = 643960682BA7D287004C46CF /* Build configuration list for PBXNativeTarget "GPSUITests" */;
			buildPhases = (
				643960542BA7D287004C46CF /* Sources */,
				643960552BA7D287004C46CF /* Frameworks */,
				643960562BA7D287004C46CF /* Resources */,
			);
			buildRules = (
			);
			dependencies = (
				6439605A2BA7D287004C46CF /* PBXTargetDependency */,
			);
			name = GPSUITests;
			productName = GPSUITests;
			productReference = 643960582BA7D287004C46CF /* GPSUITests.xctest */;
			productType = "com.apple.product-type.bundle.ui-testing";
		};
/* End PBXNativeTarget section */

/* Begin PBXProject section */
		643960302BA7D285004C46CF /* Project object */ = {
			isa = PBXProject;
			attributes = {
				BuildIndependentTargetsInParallel = 1;
				LastSwiftUpdateCheck = 1420;
				LastUpgradeCheck = 1420;
				TargetAttributes = {
					643960372BA7D285004C46CF = {
						CreatedOnToolsVersion = 14.2;
					};
					6439604D2BA7D287004C46CF = {
						CreatedOnToolsVersion = 14.2;
						TestTargetID = 643960372BA7D285004C46CF;
					};
					643960572BA7D287004C46CF = {
						CreatedOnToolsVersion = 14.2;
						TestTargetID = 643960372BA7D285004C46CF;
					};
				};
			};
			buildConfigurationList = 643960332BA7D285004C46CF /* Build configuration list for PBXProject "GPS" */;
			compatibilityVersion = "Xcode 14.0";
			developmentRegion = en;
			hasScannedForEncodings = 0;
			knownRegions = (
				en,
				Base,
			);
			mainGroup = 6439602F2BA7D285004C46CF;
			productRefGroup = 643960392BA7D285004C46CF /* Products */;
			projectDirPath = "";
			projectRoot = "";
			targets = (
				643960372BA7D285004C46CF /* GPS */,
				6439604D2BA7D287004C46CF /* GPSTests */,
				643960572BA7D287004C46CF /* GPSUITests */,
			);
		};
/* End PBXProject section */

/* Begin PBXResourcesBuildPhase section */
		643960362BA7D285004C46CF /* Resources */ = {
			isa = PBXResourcesBuildPhase;
			buildActionMask = 2147483647;
			files = (
				643960482BA7D287004C46CF /* LaunchScreen.storyboard in Resources */,
				643960452BA7D287004C46CF /* Assets.xcassets in Resources */,
				643960432BA7D285004C46CF /* Main.storyboard in Resources */,
			);
			runOnlyForDeploymentPostprocessing = 0;
		};
		6439604C2BA7D287004C46CF /* Resources */ = {
			isa = PBXResourcesBuildPhase;
			buildActionMask = 2147483647;
			files = (
			);
			runOnlyForDeploymentPostprocessing = 0;
		};
		643960562BA7D287004C46CF /* Resources */ = {
			isa = PBXResourcesBuildPhase;
			buildActionMask = 2147483647;
			files = (
			);
			runOnlyForDeploymentPostprocessing = 0;
		};
/* End PBXResourcesBuildPhase section */

/* Begin PBXSourcesBuildPhase section */
		643960342BA7D285004C46CF /* Sources */ = {
			isa = PBXSourcesBuildPhase;
			buildActionMask = 2147483647;
			files = (
				643960402BA7D285004C46CF /* ViewController.swift in Sources */,
				6439603C2BA7D285004C46CF /* AppDelegate.swift in Sources */,
				6439603E2BA7D285004C46CF /* SceneDelegate.swift in Sources */,
			);
			runOnlyForDeploymentPostprocessing = 0;
		};
		6439604A2BA7D287004C46CF /* Sources */ = {
			isa = PBXSourcesBuildPhase;
			buildActionMask = 2147483647;
			files = (
				643960532BA7D287004C46CF /* GPSTests.swift in Sources */,
			);
			runOnlyForDeploymentPostprocessing = 0;
		};
		643960542BA7D287004C46CF /* Sources */ = {
			isa = PBXSourcesBuildPhase;
			buildActionMask = 2147483647;
			files = (
				6439605D2BA7D287004C46CF /* GPSUITests.swift in Sources */,
				6439605F2BA7D287004C46CF /* GPSUITestsLaunchTests.swift in Sources */,
			);
			runOnlyForDeploymentPostprocessing = 0;
		};
/* End PBXSourcesBuildPhase section */

/* Begin PBXTargetDependency section */
		643960502BA7D287004C46CF /* PBXTargetDependency */ = {
			isa = PBXTargetDependency;
			target = 643960372BA7D285004C46CF /* GPS */;
			targetProxy = 6439604F2BA7D287004C46CF /* PBXContainerItemProxy */;
		};
		6439605A2BA7D287004C46CF /* PBXTargetDependency */ = {
			isa = PBXTargetDependency;
			target = 643960372BA7D285004C46CF /* GPS */;
			targetProxy = 643960592BA7D287004C46CF /* PBXContainerItemProxy */;
		};
/* End PBXTargetDependency section */

/* Begin PBXVariantGroup section */
		643960412BA7D285004C46CF /* Main.storyboard */ = {
			isa = PBXVariantGroup;
			children = (
				643960422BA7D285004C46CF /* Base */,
			);
			name = Main.storyboard;
			sourceTree = "<group>";
		};
		643960462BA7D287004C46CF /* LaunchScreen.storyboard */ = {
			isa = PBXVariantGroup;
			children = (
				643960472BA7D287004C46CF /* Base */,
			);
			name = LaunchScreen.storyboard;
			sourceTree = "<group>";
		};
/* End PBXVariantGroup section */

/* Begin XCBuildConfiguration section */
		643960602BA7D287004C46CF /* Debug */ = {
			isa = XCBuildConfiguration;
			buildSettings = {
				ALWAYS_SEARCH_USER_PATHS = NO;
				CLANG_ANALYZER_NONNULL = YES;
				CLANG_ANALYZER_NUMBER_OBJECT_CONVERSION = YES_AGGRESSIVE;
				CLANG_CXX_LANGUAGE_STANDARD = "gnu++20";
				CLANG_ENABLE_MODULES = YES;
				CLANG_ENABLE_OBJC_ARC = YES;
				CLANG_ENABLE_OBJC_WEAK = YES;
				CLANG_WARN_BLOCK_CAPTURE_AUTORELEASING = YES;
				CLANG_WARN_BOOL_CONVERSION = YES;
				CLANG_WARN_COMMA = YES;
				CLANG_WARN_CONSTANT_CONVERSION = YES;
				CLANG_WARN_DEPRECATED_OBJC_IMPLEMENTATIONS = YES;
				CLANG_WARN_DIRECT_OBJC_ISA_USAGE = YES_ERROR;
				CLANG_WARN_DOCUMENTATION_COMMENTS = YES;
				CLANG_WARN_EMPTY_BODY = YES;
				CLANG_WARN_ENUM_CONVERSION = YES;
				CLANG_WARN_INFINITE_RECURSION = YES;
				CLANG_WARN_INT_CONVERSION = YES;
				CLANG_WARN_NON_LITERAL_NULL_CONVERSION = YES;
				CLANG_WARN_OBJC_IMPLICIT_RETAIN_SELF = YES;
				CLANG_WARN_OBJC_LITERAL_CONVERSION = YES;
				CLANG_WARN_OBJC_ROOT_CLASS = YES_ERROR;
				CLANG_WARN_QUOTED_INCLUDE_IN_FRAMEWORK_HEADER = YES;
				CLANG_WARN_RANGE_LOOP_ANALYSIS = YES;
				CLANG_WARN_STRICT_PROTOTYPES = YES;
				CLANG_WARN_SUSPICIOUS_MOVE = YES;
				CLANG_WARN_UNGUARDED_AVAILABILITY = YES_AGGRESSIVE;
				CLANG_WARN_UNREACHABLE_CODE = YES;
				CLANG_WARN__DUPLICATE_METHOD_MATCH = YES;
				COPY_PHASE_STRIP = NO;
				DEBUG_INFORMATION_FORMAT = dwarf;
				ENABLE_STRICT_OBJC_MSGSEND = YES;
				ENABLE_TESTABILITY = YES;
				GCC_C_LANGUAGE_STANDARD = gnu11;
				GCC_DYNAMIC_NO_PIC = NO;
				GCC_NO_COMMON_BLOCKS = YES;
				GCC_OPTIMIZATION_LEVEL = 0;
				GCC_PREPROCESSOR_DEFINITIONS = (
					"DEBUG=1",
					"$(inherited)",
				);
				GCC_WARN_64_TO_32_BIT_CONVERSION = YES;
				GCC_WARN_ABOUT_RETURN_TYPE = YES_ERROR;
				GCC_WARN_UNDECLARED_SELECTOR = YES;
				GCC_WARN_UNINITIALIZED_AUTOS = YES_AGGRESSIVE;
				GCC_WARN_UNUSED_FUNCTION = YES;
				GCC_WARN_UNUSED_VARIABLE = YES;
				IPHONEOS_DEPLOYMENT_TARGET = 16.2;
				MTL_ENABLE_DEBUG_INFO = INCLUDE_SOURCE;
				MTL_FAST_MATH = YES;
				ONLY_ACTIVE_ARCH = YES;
				SDKROOT = iphoneos;
				SWIFT_ACTIVE_COMPILATION_CONDITIONS = DEBUG;
				SWIFT_OPTIMIZATION_LEVEL = "-Onone";
			};
			name = Debug;
		};
		643960612BA7D287004C46CF /* Release */ = {
			isa = XCBuildConfiguration;
			buildSettings = {
				ALWAYS_SEARCH_USER_PATHS = NO;
				CLANG_ANALYZER_NONNULL = YES;
				CLANG_ANALYZER_NUMBER_OBJECT_CONVERSION = YES_AGGRESSIVE;
				CLANG_CXX_LANGUAGE_STANDARD = "gnu++20";
				CLANG_ENABLE_MODULES = YES;
				CLANG_ENABLE_OBJC_ARC = YES;
				CLANG_ENABLE_OBJC_WEAK = YES;
				CLANG_WARN_BLOCK_CAPTURE_AUTORELEASING = YES;
				CLANG_WARN_BOOL_CONVERSION = YES;
				CLANG_WARN_COMMA = YES;
				CLANG_WARN_CONSTANT_CONVERSION = YES;
				CLANG_WARN_DEPRECATED_OBJC_IMPLEMENTATIONS = YES;
				CLANG_WARN_DIRECT_OBJC_ISA_USAGE = YES_ERROR;
				CLANG_WARN_DOCUMENTATION_COMMENTS = YES;
				CLANG_WARN_EMPTY_BODY = YES;
				CLANG_WARN_ENUM_CONVERSION = YES;
				CLANG_WARN_INFINITE_RECURSION = YES;
				CLANG_WARN_INT_CONVERSION = YES;
				CLANG_WARN_NON_LITERAL_NULL_CONVERSION = YES;
				CLANG_WARN_OBJC_IMPLICIT_RETAIN_SELF = YES;
				CLANG_WARN_OBJC_LITERAL_CONVERSION = YES;
				CLANG_WARN_OBJC_ROOT_CLASS = YES_ERROR;
				CLANG_WARN_QUOTED_INCLUDE_IN_FRAMEWORK_HEADER = YES;
				CLANG_WARN_RANGE_LOOP_ANALYSIS = YES;
				CLANG_WARN_STRICT_PROTOTYPES = YES;
				CLANG_WARN_SUSPICIOUS_MOVE = YES;
				CLANG_WARN_UNGUARDED_AVAILABILITY = YES_AGGRESSIVE;
				CLANG_WARN_UNREACHABLE_CODE = YES;
				CLANG_WARN__DUPLICATE_METHOD_MATCH = YES;
				COPY_PHASE_STRIP = NO;
				DEBUG_INFORMATION_FORMAT = "dwarf-with-dsym";
				ENABLE_NS_ASSERTIONS = NO;
				ENABLE_STRICT_OBJC_MSGSEND = YES;
				GCC_C_LANGUAGE_STANDARD = gnu11;
				GCC_NO_COMMON_BLOCKS = YES;
				GCC_WARN_64_TO_32_BIT_CONVERSION = YES;
				GCC_WARN_ABOUT_RETURN_TYPE = YES_ERROR;
				GCC_WARN_UNDECLARED_SELECTOR = YES;
				GCC_WARN_UNINITIALIZED_AUTOS = YES_AGGRESSIVE;
				GCC_WARN_UNUSED_FUNCTION = YES;
				GCC_WARN_UNUSED_VARIABLE = YES;
				IPHONEOS_DEPLOYMENT_TARGET = 16.2;
				MTL_ENABLE_DEBUG_INFO = NO;
				MTL_FAST_MATH = YES;
				SDKROOT = iphoneos;
				SWIFT_COMPILATION_MODE = wholemodule;
				SWIFT_OPTIMIZATION_LEVEL = "-O";
				VALIDATE_PRODUCT = YES;
			};
			name = Release;
		};
		643960632BA7D287004C46CF /* Debug */ = {
			isa = XCBuildConfiguration;
			buildSettings = {
				ASSETCATALOG_COMPILER_APPICON_NAME = AppIcon;
				ASSETCATALOG_COMPILER_GLOBAL_ACCENT_COLOR_NAME = AccentColor;
				CODE_SIGN_STYLE = Automatic;
				CURRENT_PROJECT_VERSION = 1;
				GENERATE_INFOPLIST_FILE = YES;
				INFOPLIST_FILE = GPS/Info.plist;
				INFOPLIST_KEY_UIApplicationSupportsIndirectInputEvents = YES;
				INFOPLIST_KEY_UILaunchStoryboardName = LaunchScreen;
				INFOPLIST_KEY_UIMainStoryboardFile = Main;
				INFOPLIST_KEY_UISupportedInterfaceOrientations_iPad = "UIInterfaceOrientationPortrait UIInterfaceOrientationPortraitUpsideDown UIInterfaceOrientationLandscapeLeft UIInterfaceOrientationLandscapeRight";
				INFOPLIST_KEY_UISupportedInterfaceOrientations_iPhone = "UIInterfaceOrientationPortrait UIInterfaceOrientationLandscapeLeft UIInterfaceOrientationLandscapeRight";
				LD_RUNPATH_SEARCH_PATHS = (
					"$(inherited)",
					"@executable_path/Frameworks",
				);
				MARKETING_VERSION = 1.0;
				PRODUCT_BUNDLE_IDENTIFIER = com.ashish.GPS;
				PRODUCT_NAME = "$(TARGET_NAME)";
				SWIFT_EMIT_LOC_STRINGS = YES;
				SWIFT_VERSION = 5.0;
				TARGETED_DEVICE_FAMILY = "1,2";
			};
			name = Debug;
		};
		643960642BA7D287004C46CF /* Release */ = {
			isa = XCBuildConfiguration;
			buildSettings = {
				ASSETCATALOG_COMPILER_APPICON_NAME = AppIcon;
				ASSETCATALOG_COMPILER_GLOBAL_ACCENT_COLOR_NAME = AccentColor;
				CODE_SIGN_STYLE = Automatic;
				CURRENT_PROJECT_VERSION = 1;
				GENERATE_INFOPLIST_FILE = YES;
				INFOPLIST_FILE = GPS/Info.plist;
				INFOPLIST_KEY_UIApplicationSupportsIndirectInputEvents = YES;
				INFOPLIST_KEY_UILaunchStoryboardName = LaunchScreen;
				INFOPLIST_KEY_UIMainStoryboardFile = Main;
				INFOPLIST_KEY_UISupportedInterfaceOrientations_iPad = "UIInterfaceOrientationPortrait UIInterfaceOrientationPortraitUpsideDown UIInterfaceOrientationLandscapeLeft UIInterfaceOrientationLandscapeRight";
				INFOPLIST_KEY_UISupportedInterfaceOrientations_iPhone = "UIInterfaceOrientationPortrait UIInterfaceOrientationLandscapeLeft UIInterfaceOrientationLandscapeRight";
				LD_RUNPATH_SEARCH_PATHS = (
					"$(inherited)",
					"@executable_path/Frameworks",
				);
				MARKETING_VERSION = 1.0;
				PRODUCT_BUNDLE_IDENTIFIER = com.ashish.GPS;
				PRODUCT_NAME = "$(TARGET_NAME)";
				SWIFT_EMIT_LOC_STRINGS = YES;
				SWIFT_VERSION = 5.0;
				TARGETED_DEVICE_FAMILY = "1,2";
			};
			name = Release;
		};
		643960662BA7D287004C46CF /* Debug */ = {
			isa = XCBuildConfiguration;
			buildSettings = {
				ALWAYS_EMBED_SWIFT_STANDARD_LIBRARIES = YES;
				BUNDLE_LOADER = "$(TEST_HOST)";
				CODE_SIGN_STYLE = Automatic;
				CURRENT_PROJECT_VERSION = 1;
				GENERATE_INFOPLIST_FILE = YES;
				IPHONEOS_DEPLOYMENT_TARGET = 16.2;
				MARKETING_VERSION = 1.0;
				PRODUCT_BUNDLE_IDENTIFIER = com.ashish.GPSTests;
				PRODUCT_NAME = "$(TARGET_NAME)";
				SWIFT_EMIT_LOC_STRINGS = NO;
				SWIFT_VERSION = 5.0;
				TARGETED_DEVICE_FAMILY = "1,2";
				TEST_HOST = "$(BUILT_PRODUCTS_DIR)/GPS.app/$(BUNDLE_EXECUTABLE_FOLDER_PATH)/GPS";
			};
			name = Debug;
		};
		643960672BA7D287004C46CF /* Release */ = {
			isa = XCBuildConfiguration;
			buildSettings = {
				ALWAYS_EMBED_SWIFT_STANDARD_LIBRARIES = YES;
				BUNDLE_LOADER = "$(TEST_HOST)";
				CODE_SIGN_STYLE = Automatic;
				CURRENT_PROJECT_VERSION = 1;
				GENERATE_INFOPLIST_FILE = YES;
				IPHONEOS_DEPLOYMENT_TARGET = 16.2;
				MARKETING_VERSION = 1.0;
				PRODUCT_BUNDLE_IDENTIFIER = com.ashish.GPSTests;
				PRODUCT_NAME = "$(TARGET_NAME)";
				SWIFT_EMIT_LOC_STRINGS = NO;
				SWIFT_VERSION = 5.0;
				TARGETED_DEVICE_FAMILY = "1,2";
				TEST_HOST = "$(BUILT_PRODUCTS_DIR)/GPS.app/$(BUNDLE_EXECUTABLE_FOLDER_PATH)/GPS";
			};
			name = Release;
		};
		643960692BA7D287004C46CF /* Debug */ = {
			isa = XCBuildConfiguration;
			buildSettings = {
				ALWAYS_EMBED_SWIFT_STANDARD_LIBRARIES = YES;
				CODE_SIGN_STYLE = Automatic;
				CURRENT_PROJECT_VERSION = 1;
				GENERATE_INFOPLIST_FILE = YES;
				MARKETING_VERSION = 1.0;
				PRODUCT_BUNDLE_IDENTIFIER = com.ashish.GPSUITests;
				PRODUCT_NAME = "$(TARGET_NAME)";
				SWIFT_EMIT_LOC_STRINGS = NO;
				SWIFT_VERSION = 5.0;
				TARGETED_DEVICE_FAMILY = "1,2";
				TEST_TARGET_NAME = GPS;
			};
			name = Debug;
		};
		6439606A2BA7D287004C46CF /* Release */ = {
			isa = XCBuildConfiguration;
			buildSettings = {
				ALWAYS_EMBED_SWIFT_STANDARD_LIBRARIES = YES;
				CODE_SIGN_STYLE = Automatic;
				CURRENT_PROJECT_VERSION = 1;
				GENERATE_INFOPLIST_FILE = YES;
				MARKETING_VERSION = 1.0;
				PRODUCT_BUNDLE_IDENTIFIER = com.ashish.GPSUITests;
				PRODUCT_NAME = "$(TARGET_NAME)";
				SWIFT_EMIT_LOC_STRINGS = NO;
				SWIFT_VERSION = 5.0;
				TARGETED_DEVICE_FAMILY = "1,2";
				TEST_TARGET_NAME = GPS;
			};
			name = Release;
		};
/* End XCBuildConfiguration section */

/* Begin XCConfigurationList section */
		643960332BA7D285004C46CF /* Build configuration list for PBXProject "GPS" */ = {
			isa = XCConfigurationList;
			buildConfigurations = (
				643960602BA7D287004C46CF /* Debug */,
				643960612BA7D287004C46CF /* Release */,
			);
			defaultConfigurationIsVisible = 0;
			defaultConfigurationName = Release;
		};
		643960622BA7D287004C46CF /* Build configuration list for PBXNativeTarget "GPS" */ = {
			isa = XCConfigurationList;
			buildConfigurations = (
				643960632BA7D287004C46CF /* Debug */,
				643960642BA7D287004C46CF /* Release */,
			);
			defaultConfigurationIsVisible = 0;
			defaultConfigurationName = Release;
		};
		643960652BA7D287004C46CF /* Build configuration list for PBXNativeTarget "GPSTests" */ = {
			isa = XCConfigurationList;
			buildConfigurations = (
				643960662BA7D287004C46CF /* Debug */,
				643960672BA7D287004C46CF /* Release */,
			);
			defaultConfigurationIsVisible = 0;
			defaultConfigurationName = Release;
		};
		643960682BA7D287004C46CF /* Build configuration list for PBXNativeTarget "GPSUITests" */ = {
			isa = XCConfigurationList;
			buildConfigurations = (
				643960692BA7D287004C46CF /* Debug */,
				6439606A2BA7D287004C46CF /* Release */,
			);
			defaultConfigurationIsVisible = 0;
			defaultConfigurationName = Release;
		};
/* End XCConfigurationList section */
	};
	rootObject = 643960302BA7D285004C46CF /* Project object */;
}
